
Microsoft Visual Studio Solution File, Format Version 12.00
# Visual Studio Version 17
VisualStudioVersion = 17.5.33414.496
MinimumVisualStudioVersion = 10.0.40219.1
Project("{FAE04EC0-301F-11D3-BF4B-00C04F79EFBC}") = "c#11demo", "c#11demo\c#11demo.csproj", "{BCDC1B10-F006-4B12-AD1C-1E388A0B11DA}"
EndProject
Global
	GlobalSection(SolutionConfigurationPlatforms) = preSolution
		Debug|Any CPU = Debug|Any CPU
		Release|Any CPU = Release|Any CPU
	EndGlobalSection
	GlobalSection(ProjectConfigurationPlatforms) = postSolution
		{BCDC1B10-F006-4B12-AD1C-1E388A0B11DA}.Debug|Any CPU.ActiveCfg = Debug|Any CPU
		{BCDC1B10-F006-4B12-AD1C-1E388A0B11DA}.Debug|Any CPU.Build.0 = Debug|Any CPU
		{BCDC1B10-F006-4B12-AD1C-1E388A0B11DA}.Release|Any CPU.ActiveCfg = Release|Any CPU
		{BCDC1B10-F006-4B12-AD1C-1E388A0B11DA}.Release|Any CPU.Build.0 = Release|Any CPU
	EndGlobalSection
	GlobalSection(SolutionProperties) = preSolution
		HideSolutionNode = FALSE
	EndGlobalSection
	GlobalSection(ExtensibilityGlobals) = postSolution
		SolutionGuid = {31D15DDF-A1C8-4E8A-B0F5-E25C18FAD63C}
	EndGlobalSection
EndGlobal
