
Microsoft Visual Studio Solution File, Format Version 12.00
# Visual Studio Version 17
VisualStudioVersion = 17.5.33414.496
MinimumVisualStudioVersion = 10.0.40219.1
Project("{FAE04EC0-301F-11D3-BF4B-00C04F79EFBC}") = "c#8demo", "c#8demo\c#8demo.csproj", "{D629DD6C-AFAF-44D9-9846-9A2DD8600944}"
EndProject
Global
	GlobalSection(SolutionConfigurationPlatforms) = preSolution
		Debug|Any CPU = Debug|Any CPU
		Release|Any CPU = Release|Any CPU
	EndGlobalSection
	GlobalSection(ProjectConfigurationPlatforms) = postSolution
		{D629DD6C-AFAF-44D9-9846-9A2DD8600944}.Debug|Any CPU.ActiveCfg = Debug|Any CPU
		{D629DD6C-AFAF-44D9-9846-9A2DD8600944}.Debug|Any CPU.Build.0 = Debug|Any CPU
		{D629DD6C-AFAF-44D9-9846-9A2DD8600944}.Release|Any CPU.ActiveCfg = Release|Any CPU
		{D629DD6C-AFAF-44D9-9846-9A2DD8600944}.Release|Any CPU.Build.0 = Release|Any CPU
	EndGlobalSection
	GlobalSection(SolutionProperties) = preSolution
		HideSolutionNode = FALSE
	EndGlobalSection
	GlobalSection(ExtensibilityGlobals) = postSolution
		SolutionGuid = {1B1F4516-34E5-4AE0-ADD1-8C11590C893B}
	EndGlobalSection
EndGlobal
