
Microsoft Visual Studio Solution File, Format Version 12.00
# Visual Studio Version 17
VisualStudioVersion = 17.6.33829.357
MinimumVisualStudioVersion = 10.0.40219.1
Project("{FAE04EC0-301F-11D3-BF4B-00C04F79EFBC}") = "SuperHeroAPI", "SuperHeroAPI\SuperHeroAPI.csproj", "{B215BC26-3123-4AC1-8ECA-34FB61C1CCDE}"
EndProject
Global
	GlobalSection(SolutionConfigurationPlatforms) = preSolution
		Debug|Any CPU = Debug|Any CPU
		Release|Any CPU = Release|Any CPU
	EndGlobalSection
	GlobalSection(ProjectConfigurationPlatforms) = postSolution
		{B215BC26-3123-4AC1-8ECA-34FB61C1CCDE}.Debug|Any CPU.ActiveCfg = Debug|Any CPU
		{B215BC26-3123-4AC1-8ECA-34FB61C1CCDE}.Debug|Any CPU.Build.0 = Debug|Any CPU
		{B215BC26-3123-4AC1-8ECA-34FB61C1CCDE}.Release|Any CPU.ActiveCfg = Release|Any CPU
		{B215BC26-3123-4AC1-8ECA-34FB61C1CCDE}.Release|Any CPU.Build.0 = Release|Any CPU
	EndGlobalSection
	GlobalSection(SolutionProperties) = preSolution
		HideSolutionNode = FALSE
	EndGlobalSection
	GlobalSection(ExtensibilityGlobals) = postSolution
		SolutionGuid = {7D4929B7-2625-4FFC-9E4C-DBE5054B94F4}
	EndGlobalSection
EndGlobal
